
Microsoft Visual Studio Solution File, Format Version 12.00
# Visual Studio Version 16
VisualStudioVersion = 16.0.808.4
MinimumVisualStudioVersion = 10.0.40219.1
Project("{FAE04EC0-301F-11D3-BF4B-00C04F79EFBC}") = "Studio2.6AreaOfACircle", "Studio2.6AreaOfACircle\Studio2.6AreaOfACircle.csproj", "{F6B1CB3E-B8C1-4291-8C13-D9184466DD2C}"
EndProject
Global
	GlobalSection(SolutionConfigurationPlatforms) = preSolution
		Debug|Any CPU = Debug|Any CPU
		Release|Any CPU = Release|Any CPU
	EndGlobalSection
	GlobalSection(ProjectConfigurationPlatforms) = postSolution
		{F6B1CB3E-B8C1-4291-8C13-D9184466DD2C}.Debug|Any CPU.ActiveCfg = Debug|Any CPU
		{F6B1CB3E-B8C1-4291-8C13-D9184466DD2C}.Debug|Any CPU.Build.0 = Debug|Any CPU
		{F6B1CB3E-B8C1-4291-8C13-D9184466DD2C}.Release|Any CPU.ActiveCfg = Release|Any CPU
		{F6B1CB3E-B8C1-4291-8C13-D9184466DD2C}.Release|Any CPU.Build.0 = Release|Any CPU
	EndGlobalSection
	GlobalSection(SolutionProperties) = preSolution
		HideSolutionNode = FALSE
	EndGlobalSection
	GlobalSection(ExtensibilityGlobals) = postSolution
		SolutionGuid = {3FE5D1FC-48EB-45CA-A27D-B5E3E9D828BE}
	EndGlobalSection
EndGlobal
